
Microsoft Visual Studio Solution File, Format Version 12.00
# Visual Studio Version 16
VisualStudioVersion = 16.0.30225.117
MinimumVisualStudioVersion = 10.0.40219.1
Project("{FAE04EC0-301F-11D3-BF4B-00C04F79EFBC}") = "lab4_4", "lab4_4\lab4_4.csproj", "{DC18CD81-D9E3-4533-AAA2-671F2761EBBE}"
EndProject
Global
	GlobalSection(SolutionConfigurationPlatforms) = preSolution
		Debug|Any CPU = Debug|Any CPU
		Release|Any CPU = Release|Any CPU
	EndGlobalSection
	GlobalSection(ProjectConfigurationPlatforms) = postSolution
		{DC18CD81-D9E3-4533-AAA2-671F2761EBBE}.Debug|Any CPU.ActiveCfg = Debug|Any CPU
		{DC18CD81-D9E3-4533-AAA2-671F2761EBBE}.Debug|Any CPU.Build.0 = Debug|Any CPU
		{DC18CD81-D9E3-4533-AAA2-671F2761EBBE}.Release|Any CPU.ActiveCfg = Release|Any CPU
		{DC18CD81-D9E3-4533-AAA2-671F2761EBBE}.Release|Any CPU.Build.0 = Release|Any CPU
	EndGlobalSection
	GlobalSection(SolutionProperties) = preSolution
		HideSolutionNode = FALSE
	EndGlobalSection
	GlobalSection(ExtensibilityGlobals) = postSolution
		SolutionGuid = {14FDA69C-BC81-4D3B-B401-697FFC62C732}
	EndGlobalSection
EndGlobal
